// !$*UTF8*$!
{
	archiveVersion = 1;
	classes = {
	};
	objectVersion = 46;
	objects = {

/* Begin PBXBuildFile section */
		000256DF42783821E78AD464 /* Pods_lab2.framework in Frameworks */ = {isa = PBXBuildFile; fileRef = 44CE3F6EA63250C38CD4CFD4 /* Pods_lab2.framework */; };
		84291E611E5BA09D0029F878 /* AppDelegate.swift in Sources */ = {isa = PBXBuildFile; fileRef = 84291E601E5BA09D0029F878 /* AppDelegate.swift */; };
		84291E631E5BA09D0029F878 /* FirstViewController.swift in Sources */ = {isa = PBXBuildFile; fileRef = 84291E621E5BA09D0029F878 /* FirstViewController.swift */; };
		84291E651E5BA09D0029F878 /* SecondViewController.swift in Sources */ = {isa = PBXBuildFile; fileRef = 84291E641E5BA09D0029F878 /* SecondViewController.swift */; };
		84291E681E5BA09D0029F878 /* Main.storyboard in Resources */ = {isa = PBXBuildFile; fileRef = 84291E661E5BA09D0029F878 /* Main.storyboard */; };
		84291E6A1E5BA09D0029F878 /* Assets.xcassets in Resources */ = {isa = PBXBuildFile; fileRef = 84291E691E5BA09D0029F878 /* Assets.xcassets */; };
		84291E6D1E5BA09D0029F878 /* LaunchScreen.storyboard in Resources */ = {isa = PBXBuildFile; fileRef = 84291E6B1E5BA09D0029F878 /* LaunchScreen.storyboard */; };
		84DEB6231E5EE89100026BCF /* img in Resources */ = {isa = PBXBuildFile; fileRef = 84DEB6221E5EE89100026BCF /* img */; };
		84DEB6251E5EEB4800026BCF /* FirstViewControllerTableViewCell.swift in Sources */ = {isa = PBXBuildFile; fileRef = 84DEB6241E5EEB4800026BCF /* FirstViewControllerTableViewCell.swift */; };
		84DEB6271E5EFB1F00026BCF /* cars.json in Resources */ = {isa = PBXBuildFile; fileRef = 84DEB6261E5EFB1F00026BCF /* cars.json */; };
		84DEB6291E5F1E8C00026BCF /* DetailViewController.swift in Sources */ = {isa = PBXBuildFile; fileRef = 84DEB6281E5F1E8C00026BCF /* DetailViewController.swift */; };
		84DEB62B1E5F1F8000026BCF /* CarModel.swift in Sources */ = {isa = PBXBuildFile; fileRef = 84DEB62A1E5F1F8000026BCF /* CarModel.swift */; };
		84DEB62F1E8245F200026BCF /* SecondViewControllerTableViewCell.swift in Sources */ = {isa = PBXBuildFile; fileRef = 84DEB62E1E8245F200026BCF /* SecondViewControllerTableViewCell.swift */; };
/* End PBXBuildFile section */

/* Begin PBXFileReference section */
		44CE3F6EA63250C38CD4CFD4 /* Pods_lab2.framework */ = {isa = PBXFileReference; explicitFileType = wrapper.framework; includeInIndex = 0; path = Pods_lab2.framework; sourceTree = BUILT_PRODUCTS_DIR; };
		84291E5D1E5BA09D0029F878 /* lab2.app */ = {isa = PBXFileReference; explicitFileType = wrapper.application; includeInIndex = 0; path = lab2.app; sourceTree = BUILT_PRODUCTS_DIR; };
		84291E601E5BA09D0029F878 /* AppDelegate.swift */ = {isa = PBXFileReference; lastKnownFileType = sourcecode.swift; path = AppDelegate.swift; sourceTree = "<group>"; };
		84291E621E5BA09D0029F878 /* FirstViewController.swift */ = {isa = PBXFileReference; lastKnownFileType = sourcecode.swift; path = FirstViewController.swift; sourceTree = "<group>"; };
		84291E641E5BA09D0029F878 /* SecondViewController.swift */ = {isa = PBXFileReference; lastKnownFileType = sourcecode.swift; path = SecondViewController.swift; sourceTree = "<group>"; };
		84291E671E5BA09D0029F878 /* Base */ = {isa = PBXFileReference; lastKnownFileType = file.storyboard; name = Base; path = Base.lproj/Main.storyboard; sourceTree = "<group>"; };
		84291E691E5BA09D0029F878 /* Assets.xcassets */ = {isa = PBXFileReference; lastKnownFileType = folder.assetcatalog; path = Assets.xcassets; sourceTree = "<group>"; };
		84291E6C1E5BA09D0029F878 /* Base */ = {isa = PBXFileReference; lastKnownFileType = file.storyboard; name = Base; path = Base.lproj/LaunchScreen.storyboard; sourceTree = "<group>"; };
		84291E6E1E5BA09D0029F878 /* Info.plist */ = {isa = PBXFileReference; lastKnownFileType = text.plist.xml; path = Info.plist; sourceTree = "<group>"; };
		84DEB6221E5EE89100026BCF /* img */ = {isa = PBXFileReference; lastKnownFileType = folder; path = img; sourceTree = "<group>"; };
		84DEB6241E5EEB4800026BCF /* FirstViewControllerTableViewCell.swift */ = {isa = PBXFileReference; fileEncoding = 4; lastKnownFileType = sourcecode.swift; path = FirstViewControllerTableViewCell.swift; sourceTree = "<group>"; };
		84DEB6261E5EFB1F00026BCF /* cars.json */ = {isa = PBXFileReference; fileEncoding = 4; lastKnownFileType = text.json; path = cars.json; sourceTree = "<group>"; };
		84DEB6281E5F1E8C00026BCF /* DetailViewController.swift */ = {isa = PBXFileReference; fileEncoding = 4; lastKnownFileType = sourcecode.swift; path = DetailViewController.swift; sourceTree = "<group>"; };
		84DEB62A1E5F1F8000026BCF /* CarModel.swift */ = {isa = PBXFileReference; fileEncoding = 4; lastKnownFileType = sourcecode.swift; path = CarModel.swift; sourceTree = "<group>"; };
		84DEB62E1E8245F200026BCF /* SecondViewControllerTableViewCell.swift */ = {isa = PBXFileReference; fileEncoding = 4; lastKnownFileType = sourcecode.swift; path = SecondViewControllerTableViewCell.swift; sourceTree = "<group>"; };
		BF199D7630C84DC3F462647F /* Pods-lab2.debug.xcconfig */ = {isa = PBXFileReference; includeInIndex = 1; lastKnownFileType = text.xcconfig; name = "Pods-lab2.debug.xcconfig"; path = "Pods/Target Support Files/Pods-lab2/Pods-lab2.debug.xcconfig"; sourceTree = "<group>"; };
		C4EFAD3B32AC54505C8A27CD /* Pods-lab2.release.xcconfig */ = {isa = PBXFileReference; includeInIndex = 1; lastKnownFileType = text.xcconfig; name = "Pods-lab2.release.xcconfig"; path = "Pods/Target Support Files/Pods-lab2/Pods-lab2.release.xcconfig"; sourceTree = "<group>"; };
/* End PBXFileReference section */

/* Begin PBXFrameworksBuildPhase section */
		84291E5A1E5BA09C0029F878 /* Frameworks */ = {
			isa = PBXFrameworksBuildPhase;
			buildActionMask = 2147483647;
			files = (
				000256DF42783821E78AD464 /* Pods_lab2.framework in Frameworks */,
			);
			runOnlyForDeploymentPostprocessing = 0;
		};
/* End PBXFrameworksBuildPhase section */

/* Begin PBXGroup section */
		3A258D24402526E03BDA5D94 /* Frameworks */ = {
			isa = PBXGroup;
			children = (
				44CE3F6EA63250C38CD4CFD4 /* Pods_lab2.framework */,
			);
			name = Frameworks;
			sourceTree = "<group>";
		};
		84291E541E5BA09C0029F878 = {
			isa = PBXGroup;
			children = (
				84DEB6281E5F1E8C00026BCF /* DetailViewController.swift */,
				84DEB62A1E5F1F8000026BCF /* CarModel.swift */,
				84291E5F1E5BA09D0029F878 /* lab2 */,
				84291E5E1E5BA09D0029F878 /* Products */,
				AFEBBC5BDCB8B5447BBA3BBE /* Pods */,
				3A258D24402526E03BDA5D94 /* Frameworks */,
			);
			sourceTree = "<group>";
		};
		84291E5E1E5BA09D0029F878 /* Products */ = {
			isa = PBXGroup;
			children = (
				84291E5D1E5BA09D0029F878 /* lab2.app */,
			);
			name = Products;
			sourceTree = "<group>";
		};
		84291E5F1E5BA09D0029F878 /* lab2 */ = {
			isa = PBXGroup;
			children = (
				84291E601E5BA09D0029F878 /* AppDelegate.swift */,
				84291E621E5BA09D0029F878 /* FirstViewController.swift */,
				84291E641E5BA09D0029F878 /* SecondViewController.swift */,
				84DEB6221E5EE89100026BCF /* img */,
				84291E661E5BA09D0029F878 /* Main.storyboard */,
				84DEB6241E5EEB4800026BCF /* FirstViewControllerTableViewCell.swift */,
				84DEB62E1E8245F200026BCF /* SecondViewControllerTableViewCell.swift */,
				84291E691E5BA09D0029F878 /* Assets.xcassets */,
				84291E6B1E5BA09D0029F878 /* LaunchScreen.storyboard */,
				84291E6E1E5BA09D0029F878 /* Info.plist */,
				84DEB6261E5EFB1F00026BCF /* cars.json */,
			);
			path = lab2;
			sourceTree = "<group>";
		};
		AFEBBC5BDCB8B5447BBA3BBE /* Pods */ = {
			isa = PBXGroup;
			children = (
				BF199D7630C84DC3F462647F /* Pods-lab2.debug.xcconfig */,
				C4EFAD3B32AC54505C8A27CD /* Pods-lab2.release.xcconfig */,
			);
			name = Pods;
			sourceTree = "<group>";
		};
/* End PBXGroup section */

/* Begin PBXNativeTarget section */
		84291E5C1E5BA09C0029F878 /* lab2 */ = {
			isa = PBXNativeTarget;
			buildConfigurationList = 84291E711E5BA09D0029F878 /* Build configuration list for PBXNativeTarget "lab2" */;
			buildPhases = (
				2F13FACD1BA87776F4FDE7DF /* [CP] Check Pods Manifest.lock */,
				84291E591E5BA09C0029F878 /* Sources */,
				84291E5A1E5BA09C0029F878 /* Frameworks */,
				84291E5B1E5BA09C0029F878 /* Resources */,
				B56E210A054A74ABDA1C7459 /* [CP] Embed Pods Frameworks */,
				F80ACCDB9EF5BAB68BAAC038 /* [CP] Copy Pods Resources */,
			);
			buildRules = (
			);
			dependencies = (
			);
			name = lab2;
			productName = lab2;
			productReference = 84291E5D1E5BA09D0029F878 /* lab2.app */;
			productType = "com.apple.product-type.application";
		};
/* End PBXNativeTarget section */

/* Begin PBXProject section */
		84291E551E5BA09C0029F878 /* Project object */ = {
			isa = PBXProject;
			attributes = {
				LastSwiftUpdateCheck = 0820;
				LastUpgradeCheck = 0820;
				ORGANIZATIONNAME = arthur;
				TargetAttributes = {
					84291E5C1E5BA09C0029F878 = {
						CreatedOnToolsVersion = 8.2.1;
						ProvisioningStyle = Automatic;
					};
				};
			};
			buildConfigurationList = 84291E581E5BA09C0029F878 /* Build configuration list for PBXProject "lab2" */;
			compatibilityVersion = "Xcode 3.2";
			developmentRegion = English;
			hasScannedForEncodings = 0;
			knownRegions = (
				en,
				Base,
			);
			mainGroup = 84291E541E5BA09C0029F878;
			productRefGroup = 84291E5E1E5BA09D0029F878 /* Products */;
			projectDirPath = "";
			projectRoot = "";
			targets = (
				84291E5C1E5BA09C0029F878 /* lab2 */,
			);
		};
/* End PBXProject section */

/* Begin PBXResourcesBuildPhase section */
		84291E5B1E5BA09C0029F878 /* Resources */ = {
			isa = PBXResourcesBuildPhase;
			buildActionMask = 2147483647;
			files = (
				84DEB6231E5EE89100026BCF /* img in Resources */,
				84291E6D1E5BA09D0029F878 /* LaunchScreen.storyboard in Resources */,
				84DEB6271E5EFB1F00026BCF /* cars.json in Resources */,
				84291E6A1E5BA09D0029F878 /* Assets.xcassets in Resources */,
				84291E681E5BA09D0029F878 /* Main.storyboard in Resources */,
			);
			runOnlyForDeploymentPostprocessing = 0;
		};
/* End PBXResourcesBuildPhase section */

/* Begin PBXShellScriptBuildPhase section */
		2F13FACD1BA87776F4FDE7DF /* [CP] Check Pods Manifest.lock */ = {
			isa = PBXShellScriptBuildPhase;
			buildActionMask = 2147483647;
			files = (
			);
			inputPaths = (
			);
			name = "[CP] Check Pods Manifest.lock";
			outputPaths = (
			);
			runOnlyForDeploymentPostprocessing = 0;
			shellPath = /bin/sh;
			shellScript = "diff \"${PODS_ROOT}/../Podfile.lock\" \"${PODS_ROOT}/Manifest.lock\" > /dev/null\nif [ $? != 0 ] ; then\n    # print error to STDERR\n    echo \"error: The sandbox is not in sync with the Podfile.lock. Run 'pod install' or update your CocoaPods installation.\" >&2\n    exit 1\nfi\n";
			showEnvVarsInLog = 0;
		};
		B56E210A054A74ABDA1C7459 /* [CP] Embed Pods Frameworks */ = {
			isa = PBXShellScriptBuildPhase;
			buildActionMask = 2147483647;
			files = (
			);
			inputPaths = (
			);
			name = "[CP] Embed Pods Frameworks";
			outputPaths = (
			);
			runOnlyForDeploymentPostprocessing = 0;
			shellPath = /bin/sh;
			shellScript = "\"${SRCROOT}/Pods/Target Support Files/Pods-lab2/Pods-lab2-frameworks.sh\"\n";
			showEnvVarsInLog = 0;
		};
		F80ACCDB9EF5BAB68BAAC038 /* [CP] Copy Pods Resources */ = {
			isa = PBXShellScriptBuildPhase;
			buildActionMask = 2147483647;
			files = (
			);
			inputPaths = (
			);
			name = "[CP] Copy Pods Resources";
			outputPaths = (
			);
			runOnlyForDeploymentPostprocessing = 0;
			shellPath = /bin/sh;
			shellScript = "\"${SRCROOT}/Pods/Target Support Files/Pods-lab2/Pods-lab2-resources.sh\"\n";
			showEnvVarsInLog = 0;
		};
/* End PBXShellScriptBuildPhase section */

/* Begin PBXSourcesBuildPhase section */
		84291E591E5BA09C0029F878 /* Sources */ = {
			isa = PBXSourcesBuildPhase;
			buildActionMask = 2147483647;
			files = (
				84291E651E5BA09D0029F878 /* SecondViewController.swift in Sources */,
				84291E611E5BA09D0029F878 /* AppDelegate.swift in Sources */,
				84DEB62F1E8245F200026BCF /* SecondViewControllerTableViewCell.swift in Sources */,
				84DEB62B1E5F1F8000026BCF /* CarModel.swift in Sources */,
				84DEB6291E5F1E8C00026BCF /* DetailViewController.swift in Sources */,
				84291E631E5BA09D0029F878 /* FirstViewController.swift in Sources */,
				84DEB6251E5EEB4800026BCF /* FirstViewControllerTableViewCell.swift in Sources */,
			);
			runOnlyForDeploymentPostprocessing = 0;
		};
/* End PBXSourcesBuildPhase section */

/* Begin PBXVariantGroup section */
		84291E661E5BA09D0029F878 /* Main.storyboard */ = {
			isa = PBXVariantGroup;
			children = (
				84291E671E5BA09D0029F878 /* Base */,
			);
			name = Main.storyboard;
			sourceTree = "<group>";
		};
		84291E6B1E5BA09D0029F878 /* LaunchScreen.storyboard */ = {
			isa = PBXVariantGroup;
			children = (
				84291E6C1E5BA09D0029F878 /* Base */,
			);
			name = LaunchScreen.storyboard;
			sourceTree = "<group>";
		};
/* End PBXVariantGroup section */

/* Begin XCBuildConfiguration section */
		84291E6F1E5BA09D0029F878 /* Debug */ = {
			isa = XCBuildConfiguration;
			buildSettings = {
				ALWAYS_SEARCH_USER_PATHS = NO;
				CLANG_ANALYZER_NONNULL = YES;
				CLANG_CXX_LANGUAGE_STANDARD = "gnu++0x";
				CLANG_CXX_LIBRARY = "libc++";
				CLANG_ENABLE_MODULES = YES;
				CLANG_ENABLE_OBJC_ARC = YES;
				CLANG_WARN_BOOL_CONVERSION = YES;
				CLANG_WARN_CONSTANT_CONVERSION = YES;
				CLANG_WARN_DIRECT_OBJC_ISA_USAGE = YES_ERROR;
				CLANG_WARN_DOCUMENTATION_COMMENTS = YES;
				CLANG_WARN_EMPTY_BODY = YES;
				CLANG_WARN_ENUM_CONVERSION = YES;
				CLANG_WARN_INFINITE_RECURSION = YES;
				CLANG_WARN_INT_CONVERSION = YES;
				CLANG_WARN_OBJC_ROOT_CLASS = YES_ERROR;
				CLANG_WARN_SUSPICIOUS_MOVE = YES;
				CLANG_WARN_UNREACHABLE_CODE = YES;
				CLANG_WARN__DUPLICATE_METHOD_MATCH = YES;
				"CODE_SIGN_IDENTITY[sdk=iphoneos*]" = "iPhone Developer";
				COPY_PHASE_STRIP = NO;
				DEBUG_INFORMATION_FORMAT = dwarf;
				ENABLE_STRICT_OBJC_MSGSEND = YES;
				ENABLE_TESTABILITY = YES;
				GCC_C_LANGUAGE_STANDARD = gnu99;
				GCC_DYNAMIC_NO_PIC = NO;
				GCC_NO_COMMON_BLOCKS = YES;
				GCC_OPTIMIZATION_LEVEL = 0;
				GCC_PREPROCESSOR_DEFINITIONS = (
					"DEBUG=1",
					"$(inherited)",
				);
				GCC_WARN_64_TO_32_BIT_CONVERSION = YES;
				GCC_WARN_ABOUT_RETURN_TYPE = YES_ERROR;
				GCC_WARN_UNDECLARED_SELECTOR = YES;
				GCC_WARN_UNINITIALIZED_AUTOS = YES_AGGRESSIVE;
				GCC_WARN_UNUSED_FUNCTION = YES;
				GCC_WARN_UNUSED_VARIABLE = YES;
				IPHONEOS_DEPLOYMENT_TARGET = 10.2;
				MTL_ENABLE_DEBUG_INFO = YES;
				ONLY_ACTIVE_ARCH = YES;
				SDKROOT = iphoneos;
				SWIFT_ACTIVE_COMPILATION_CONDITIONS = DEBUG;
				SWIFT_OPTIMIZATION_LEVEL = "-Onone";
				TARGETED_DEVICE_FAMILY = "1,2";
			};
			name = Debug;
		};
		84291E701E5BA09D0029F878 /* Release */ = {
			isa = XCBuildConfiguration;
			buildSettings = {
				ALWAYS_SEARCH_USER_PATHS = NO;
				CLANG_ANALYZER_NONNULL = YES;
				CLANG_CXX_LANGUAGE_STANDARD = "gnu++0x";
				CLANG_CXX_LIBRARY = "libc++";
				CLANG_ENABLE_MODULES = YES;
				CLANG_ENABLE_OBJC_ARC = YES;
				CLANG_WARN_BOOL_CONVERSION = YES;
				CLANG_WARN_CONSTANT_CONVERSION = YES;
				CLANG_WARN_DIRECT_OBJC_ISA_USAGE = YES_ERROR;
				CLANG_WARN_DOCUMENTATION_COMMENTS = YES;
				CLANG_WARN_EMPTY_BODY = YES;
				CLANG_WARN_ENUM_CONVERSION = YES;
				CLANG_WARN_INFINITE_RECURSION = YES;
				CLANG_WARN_INT_CONVERSION = YES;
				CLANG_WARN_OBJC_ROOT_CLASS = YES_ERROR;
				CLANG_WARN_SUSPICIOUS_MOVE = YES;
				CLANG_WARN_UNREACHABLE_CODE = YES;
				CLANG_WARN__DUPLICATE_METHOD_MATCH = YES;
				"CODE_SIGN_IDENTITY[sdk=iphoneos*]" = "iPhone Developer";
				COPY_PHASE_STRIP = NO;
				DEBUG_INFORMATION_FORMAT = "dwarf-with-dsym";
				ENABLE_NS_ASSERTIONS = NO;
				ENABLE_STRICT_OBJC_MSGSEND = YES;
				GCC_C_LANGUAGE_STANDARD = gnu99;
				GCC_NO_COMMON_BLOCKS = YES;
				GCC_WARN_64_TO_32_BIT_CONVERSION = YES;
				GCC_WARN_ABOUT_RETURN_TYPE = YES_ERROR;
				GCC_WARN_UNDECLARED_SELECTOR = YES;
				GCC_WARN_UNINITIALIZED_AUTOS = YES_AGGRESSIVE;
				GCC_WARN_UNUSED_FUNCTION = YES;
				GCC_WARN_UNUSED_VARIABLE = YES;
				IPHONEOS_DEPLOYMENT_TARGET = 10.2;
				MTL_ENABLE_DEBUG_INFO = NO;
				SDKROOT = iphoneos;
				SWIFT_OPTIMIZATION_LEVEL = "-Owholemodule";
				TARGETED_DEVICE_FAMILY = "1,2";
				VALIDATE_PRODUCT = YES;
			};
			name = Release;
		};
		84291E721E5BA09D0029F878 /* Debug */ = {
			isa = XCBuildConfiguration;
			baseConfigurationReference = BF199D7630C84DC3F462647F /* Pods-lab2.debug.xcconfig */;
			buildSettings = {
				ASSETCATALOG_COMPILER_APPICON_NAME = AppIcon;
				INFOPLIST_FILE = lab2/Info.plist;
				LD_RUNPATH_SEARCH_PATHS = "$(inherited) @executable_path/Frameworks";
				PRODUCT_BUNDLE_IDENTIFIER = com.arthur.lab2;
				PRODUCT_NAME = "$(TARGET_NAME)";
				SWIFT_VERSION = 3.0;
			};
			name = Debug;
		};
		84291E731E5BA09D0029F878 /* Release */ = {
			isa = XCBuildConfiguration;
			baseConfigurationReference = C4EFAD3B32AC54505C8A27CD /* Pods-lab2.release.xcconfig */;
			buildSettings = {
				ASSETCATALOG_COMPILER_APPICON_NAME = AppIcon;
				INFOPLIST_FILE = lab2/Info.plist;
				LD_RUNPATH_SEARCH_PATHS = "$(inherited) @executable_path/Frameworks";
				PRODUCT_BUNDLE_IDENTIFIER = com.arthur.lab2;
				PRODUCT_NAME = "$(TARGET_NAME)";
				SWIFT_VERSION = 3.0;
			};
			name = Release;
		};
/* End XCBuildConfiguration section */

/* Begin XCConfigurationList section */
		84291E581E5BA09C0029F878 /* Build configuration list for PBXProject "lab2" */ = {
			isa = XCConfigurationList;
			buildConfigurations = (
				84291E6F1E5BA09D0029F878 /* Debug */,
				84291E701E5BA09D0029F878 /* Release */,
			);
			defaultConfigurationIsVisible = 0;
			defaultConfigurationName = Release;
		};
		84291E711E5BA09D0029F878 /* Build configuration list for PBXNativeTarget "lab2" */ = {
			isa = XCConfigurationList;
			buildConfigurations = (
				84291E721E5BA09D0029F878 /* Debug */,
				84291E731E5BA09D0029F878 /* Release */,
			);
			defaultConfigurationIsVisible = 0;
			defaultConfigurationName = Release;
		};
/* End XCConfigurationList section */
	};
	rootObject = 84291E551E5BA09C0029F878 /* Project object */;
}
